
Microsoft Visual Studio Solution File, Format Version 12.00
# Visual Studio Version 16
VisualStudioVersion = 16.0.32929.386
MinimumVisualStudioVersion = 10.0.40219.1
Project("{FAE04EC0-301F-11D3-BF4B-00C04F79EFBC}") = "Patika C_Sharp", "Patika C_Sharp.csproj", "{C58A3C93-6102-432E-9981-D70F8B595A98}"
EndProject
Global
	GlobalSection(SolutionConfigurationPlatforms) = preSolution
		Debug|Any CPU = Debug|Any CPU
		Release|Any CPU = Release|Any CPU
	EndGlobalSection
	GlobalSection(ProjectConfigurationPlatforms) = postSolution
		{C58A3C93-6102-432E-9981-D70F8B595A98}.Debug|Any CPU.ActiveCfg = Debug|Any CPU
		{C58A3C93-6102-432E-9981-D70F8B595A98}.Debug|Any CPU.Build.0 = Debug|Any CPU
		{C58A3C93-6102-432E-9981-D70F8B595A98}.Release|Any CPU.ActiveCfg = Release|Any CPU
		{C58A3C93-6102-432E-9981-D70F8B595A98}.Release|Any CPU.Build.0 = Release|Any CPU
	EndGlobalSection
	GlobalSection(SolutionProperties) = preSolution
		HideSolutionNode = FALSE
	EndGlobalSection
	GlobalSection(ExtensibilityGlobals) = postSolution
		SolutionGuid = {82193F56-CD71-4465-A6C6-84F121240BEB}
	EndGlobalSection
EndGlobal
